Microsoft Visual Studio Solution File, Format Version 12.00
# Visual Studio Version 17
VisualStudioVersion = 17.5.2.0
MinimumVisualStudioVersion = 10.0.40219.1
Project("{FAE04EC0-301F-11D3-BF4B-00C04F79EFBC}") = "WidgesDesktopDotNet", "WidgesDesktopDotNet.csproj", "{DA775C1B-0DB9-39C3-BF06-183CAE1016D9}"
EndProject
Global
	GlobalSection(SolutionConfigurationPlatforms) = preSolution
		Debug|Any CPU = Debug|Any CPU
		Release|Any CPU = Release|Any CPU
	EndGlobalSection
	GlobalSection(ProjectConfigurationPlatforms) = postSolution
		{DA775C1B-0DB9-39C3-BF06-183CAE1016D9}.Debug|Any CPU.ActiveCfg = Debug|Any CPU
		{DA775C1B-0DB9-39C3-BF06-183CAE1016D9}.Debug|Any CPU.Build.0 = Debug|Any CPU
		{DA775C1B-0DB9-39C3-BF06-183CAE1016D9}.Release|Any CPU.ActiveCfg = Release|Any CPU
		{DA775C1B-0DB9-39C3-BF06-183CAE1016D9}.Release|Any CPU.Build.0 = Release|Any CPU
	EndGlobalSection
	GlobalSection(SolutionProperties) = preSolution
		HideSolutionNode = FALSE
	EndGlobalSection
	GlobalSection(ExtensibilityGlobals) = postSolution
		SolutionGuid = {EFA30824-7C7B-42F8-B1C6-6DB8E6569E58}
	EndGlobalSection
EndGlobal
